{
  "name": "defmaker",
  "version": "1.0.0",
  "lockfileVersion": 2,
  "requires": true,
  "packages": {
    "": {
      "name": "defmaker",
      "version": "1.0.0",
      "license": "ISC",
      "dependencies": {
        "marked": "^4.2.5",
        "printf": "^0.6.1"
      }
    },
    "node_modules/marked": {
      "version": "4.2.5",
      "resolved": "https://registry.npmjs.org/marked/-/marked-4.2.5.tgz",
      "integrity": "sha512-jPueVhumq7idETHkb203WDD4fMA3yV9emQ5vLwop58lu8bTclMghBWcYAavlDqIEMaisADinV1TooIFCfqOsYQ==",
      "bin": {
        "marked": "bin/marked.js"
      },
      "engines": {
        "node": ">= 12"
      }
    },
    "node_modules/printf": {
      "version": "0.6.1",
      "resolved": "https://registry.npmjs.org/printf/-/printf-0.6.1.tgz",
      "integrity": "sha512-is0ctgGdPJ5951KulgfzvHGwJtZ5ck8l042vRkV6jrkpBzTmb/lueTqguWHy2JfVA+RY6gFVlaZgUS0j7S/dsw==",
      "engines": {
        "node": ">= 0.9.0"
      }
    }
  },
  "dependencies": {
    "marked": {
      "version": "4.2.5",
      "resolved": "https://registry.npmjs.org/marked/-/marked-4.2.5.tgz",
      "integrity": "sha512-jPueVhumq7idETHkb203WDD4fMA3yV9emQ5vLwop58lu8bTclMghBWcYAavlDqIEMaisADinV1TooIFCfqOsYQ=="
    },
    "printf": {
      "version": "0.6.1",
      "resolved": "https://registry.npmjs.org/printf/-/printf-0.6.1.tgz",
      "integrity": "sha512-is0ctgGdPJ5951KulgfzvHGwJtZ5ck8l042vRkV6jrkpBzTmb/lueTqguWHy2JfVA+RY6gFVlaZgUS0j7S/dsw=="
    }
  }
}
